# This file is autogenerated, do not edit; changes may be undone by the next 'dep ensure'.


[[projects]]
  branch = "master"
  name = "github.com/gdamore/encoding"
  packages = ["."]
  revision = "b23993cbb6353f0e6aa98d0ee318a34728f628b9"

[[projects]]
  branch = "master"
  name = "github.com/gdamore/tcell"
  packages = ["."]
  revision = "62d7350d170ffa942c74ae40a99c8b0a6dcc8c95"

[[projects]]
  branch = "master"
  name = "github.com/google/subcommands"
  packages = ["."]
  revision = "ce3d4cfc062faac7115d44e5befec8b5a08c3faa"

[[projects]]
  branch = "master"
  name = "github.com/lucasb-eyer/go-colorful"
  packages = ["."]
  revision = "c900de9dbbc73129068f5af6a823068fc5f2308c"

[[projects]]
  branch = "master"
  name = "github.com/marcusolsson/tui-go"
  packages = ["."]
  revision = "ecec461feaa8c7e5d15faf1723298502c18f52c0"

[[projects]]
  name = "github.com/mattn/go-runewidth"
  packages = ["."]
  revision = "9e777a8366cce605130a531d2cd6363d07ad7317"
  version = "v0.0.2"

[[projects]]
  branch = "master"
  name = "github.com/mitchellh/go-wordwrap"
  packages = ["."]
  revision = "ad45545899c7b13c020ea92b2072220eefad42b8"

[[projects]]
  branch = "master"
  name = "golang.org/x/net"
  packages = ["websocket"]
  revision = "3da985ce5951d99de868be4385f21ea6c2b22f24"

[[projects]]
  branch = "master"
  name = "golang.org/x/text"
  packages = ["encoding","encoding/internal/identifier","internal/gen","transform","unicode/cldr"]
  revision = "4ee4af566555f5fbe026368b75596286a312663a"

[solve-meta]
  analyzer-name = "dep"
  analyzer-version = 1
  inputs-digest = "a44d743cfd74ed5562d8bf860425f070c2c5b16fc63f62acbf0015b8b87badbe"
  solver-name = "gps-cdcl"
  solver-version = 1
